// !$*UTF8*$!
{
	archiveVersion = 1;
	classes = {
	};
	objectVersion = 55;
	objects = {

/* Begin PBXBuildFile section */
		F60878FC299E34850058D253 /* Constants.swift in Sources */ = {isa = PBXBuildFile; fileRef = F60878FB299E34850058D253 /* Constants.swift */; };
		F60878FE299ECD580058D253 /* AuthViewController.swift in Sources */ = {isa = PBXBuildFile; fileRef = F60878FD299ECD580058D253 /* AuthViewController.swift */; };
		F6087901299ECEF90058D253 /* WebViewViewController.swift in Sources */ = {isa = PBXBuildFile; fileRef = F6087900299ECEF90058D253 /* WebViewViewController.swift */; };
		F6087903299EDED70058D253 /* WebViewViewControllerDelegate.swift in Sources */ = {isa = PBXBuildFile; fileRef = F6087902299EDED70058D253 /* WebViewViewControllerDelegate.swift */; };
		F6087905299EF7720058D253 /* OAuthTokenResponseBody.swift in Sources */ = {isa = PBXBuildFile; fileRef = F6087904299EF7720058D253 /* OAuthTokenResponseBody.swift */; };
		F6087907299EF7B90058D253 /* OAuth2Service.swift in Sources */ = {isa = PBXBuildFile; fileRef = F6087906299EF7B90058D253 /* OAuth2Service.swift */; };
		F6087909299EF8390058D253 /* OAuth2TokenStorage.swift in Sources */ = {isa = PBXBuildFile; fileRef = F6087908299EF8390058D253 /* OAuth2TokenStorage.swift */; };
		F608791729A0B8060058D253 /* SplashViewController.swift in Sources */ = {isa = PBXBuildFile; fileRef = F608791629A0B8060058D253 /* SplashViewController.swift */; };
		F608791A29A0BF750058D253 /* AuthViewControllerDelegate.swift in Sources */ = {isa = PBXBuildFile; fileRef = F608791929A0BF750058D253 /* AuthViewControllerDelegate.swift */; };
		F608791E29A0EF0E0058D253 /* AppDelegate.swift in Sources */ = {isa = PBXBuildFile; fileRef = F608791D29A0EF0E0058D253 /* AppDelegate.swift */; };
		F60C5EA02979DFDD00A2B5B3 /* ImagesListCell.swift in Sources */ = {isa = PBXBuildFile; fileRef = F60C5E9F2979DFDD00A2B5B3 /* ImagesListCell.swift */; };
		F617867929797179007F2F8C /* SceneDelegate.swift in Sources */ = {isa = PBXBuildFile; fileRef = F617867829797179007F2F8C /* SceneDelegate.swift */; };
		F617867B29797179007F2F8C /* ImagesListViewController.swift in Sources */ = {isa = PBXBuildFile; fileRef = F617867A29797179007F2F8C /* ImagesListViewController.swift */; };
		F61786802979717D007F2F8C /* Assets.xcassets in Resources */ = {isa = PBXBuildFile; fileRef = F617867F2979717D007F2F8C /* Assets.xcassets */; };
		F61786832979717D007F2F8C /* LaunchScreen.storyboard in Resources */ = {isa = PBXBuildFile; fileRef = F61786812979717D007F2F8C /* LaunchScreen.storyboard */; };
		F61D339229B5266200318A81 /* ProfileImageService.swift in Sources */ = {isa = PBXBuildFile; fileRef = F61D339129B5266200318A81 /* ProfileImageService.swift */; };
		F61D339429B526E200318A81 /* UserResult.swift in Sources */ = {isa = PBXBuildFile; fileRef = F61D339329B526E200318A81 /* UserResult.swift */; };
		F64C4D15298BB49700F334B3 /* ProfileViewController.swift in Sources */ = {isa = PBXBuildFile; fileRef = F64C4D14298BB49700F334B3 /* ProfileViewController.swift */; };
		F657B97329C3314500745597 /* ImagesListService.swift in Sources */ = {isa = PBXBuildFile; fileRef = F657B97229C3314500745597 /* ImagesListService.swift */; };
		F657B97529C331B000745597 /* Photo.swift in Sources */ = {isa = PBXBuildFile; fileRef = F657B97429C331B000745597 /* Photo.swift */; };
		F657B97829C333B800745597 /* PhotoResult.swift in Sources */ = {isa = PBXBuildFile; fileRef = F657B97729C333B800745597 /* PhotoResult.swift */; };
		F67EA3A329C7A29A00F1AF6A /* Kingfisher in Frameworks */ = {isa = PBXBuildFile; productRef = F67EA3A229C7A29A00F1AF6A /* Kingfisher */; };
		F6897B07298D17EF001C5F48 /* SingleImageViewController.swift in Sources */ = {isa = PBXBuildFile; fileRef = F6897B06298D17EF001C5F48 /* SingleImageViewController.swift */; };
		F6945ECC29B2245600B82BF6 /* ProgressHUD in Frameworks */ = {isa = PBXBuildFile; productRef = F6945ECB29B2245600B82BF6 /* ProgressHUD */; };
		F694E03C29B4A7480037B3DC /* UIBlockingProgressHUD.swift in Sources */ = {isa = PBXBuildFile; fileRef = F694E03B29B4A7480037B3DC /* UIBlockingProgressHUD.swift */; };
		F694E03E29B4AAD00037B3DC /* ProfileService.swift in Sources */ = {isa = PBXBuildFile; fileRef = F694E03D29B4AAD00037B3DC /* ProfileService.swift */; };
		F694E04229B4AEF60037B3DC /* Profile.swift in Sources */ = {isa = PBXBuildFile; fileRef = F694E04129B4AEF60037B3DC /* Profile.swift */; };
		F694E04629B4B0DB0037B3DC /* ProfileResult.swift in Sources */ = {isa = PBXBuildFile; fileRef = F694E04529B4B0DB0037B3DC /* ProfileResult.swift */; };
		F6C2566E29CC45C7002E3E2C /* UIView+Extensions.swift in Sources */ = {isa = PBXBuildFile; fileRef = F6C2566D29CC45C7002E3E2C /* UIView+Extensions.swift */; };
		F6DDB3DB29B951C300590588 /* URLSession+Extensions.swift in Sources */ = {isa = PBXBuildFile; fileRef = F6DDB3DA29B951C300590588 /* URLSession+Extensions.swift */; };
		F6DDB3E629BA35D600590588 /* SwiftKeychainWrapper in Frameworks */ = {isa = PBXBuildFile; productRef = F6DDB3E529BA35D600590588 /* SwiftKeychainWrapper */; };
		F6DDB3E829BA398900590588 /* TabBarController.swift in Sources */ = {isa = PBXBuildFile; fileRef = F6DDB3E729BA398900590588 /* TabBarController.swift */; };
		F6FC153E29798221004BC4F6 /* UIColor+Extensions.swift in Sources */ = {isa = PBXBuildFile; fileRef = F6FC153D29798221004BC4F6 /* UIColor+Extensions.swift */; };
/* End PBXBuildFile section */

/* Begin PBXFileReference section */
		F60878FB299E34850058D253 /* Constants.swift */ = {isa = PBXFileReference; fileEncoding = 4; lastKnownFileType = sourcecode.swift; path = Constants.swift; sourceTree = "<group>"; };
		F60878FD299ECD580058D253 /* AuthViewController.swift */ = {isa = PBXFileReference; lastKnownFileType = sourcecode.swift; path = AuthViewController.swift; sourceTree = "<group>"; };
		F6087900299ECEF90058D253 /* WebViewViewController.swift */ = {isa = PBXFileReference; lastKnownFileType = sourcecode.swift; path = WebViewViewController.swift; sourceTree = "<group>"; };
		F6087902299EDED70058D253 /* WebViewViewControllerDelegate.swift */ = {isa = PBXFileReference; lastKnownFileType = sourcecode.swift; path = WebViewViewControllerDelegate.swift; sourceTree = "<group>"; };
		F6087904299EF7720058D253 /* OAuthTokenResponseBody.swift */ = {isa = PBXFileReference; lastKnownFileType = sourcecode.swift; path = OAuthTokenResponseBody.swift; sourceTree = "<group>"; };
		F6087906299EF7B90058D253 /* OAuth2Service.swift */ = {isa = PBXFileReference; lastKnownFileType = sourcecode.swift; path = OAuth2Service.swift; sourceTree = "<group>"; };
		F6087908299EF8390058D253 /* OAuth2TokenStorage.swift */ = {isa = PBXFileReference; lastKnownFileType = sourcecode.swift; path = OAuth2TokenStorage.swift; sourceTree = "<group>"; };
		F608791629A0B8060058D253 /* SplashViewController.swift */ = {isa = PBXFileReference; lastKnownFileType = sourcecode.swift; path = SplashViewController.swift; sourceTree = "<group>"; };
		F608791929A0BF750058D253 /* AuthViewControllerDelegate.swift */ = {isa = PBXFileReference; lastKnownFileType = sourcecode.swift; path = AuthViewControllerDelegate.swift; sourceTree = "<group>"; };
		F608791D29A0EF0E0058D253 /* AppDelegate.swift */ = {isa = PBXFileReference; fileEncoding = 4; lastKnownFileType = sourcecode.swift; path = AppDelegate.swift; sourceTree = "<group>"; };
		F60C5E9F2979DFDD00A2B5B3 /* ImagesListCell.swift */ = {isa = PBXFileReference; lastKnownFileType = sourcecode.swift; path = ImagesListCell.swift; sourceTree = "<group>"; };
		F617867329797179007F2F8C /* ImageFeed.app */ = {isa = PBXFileReference; explicitFileType = wrapper.application; includeInIndex = 0; path = ImageFeed.app; sourceTree = BUILT_PRODUCTS_DIR; };
		F617867829797179007F2F8C /* SceneDelegate.swift */ = {isa = PBXFileReference; lastKnownFileType = sourcecode.swift; path = SceneDelegate.swift; sourceTree = "<group>"; };
		F617867A29797179007F2F8C /* ImagesListViewController.swift */ = {isa = PBXFileReference; lastKnownFileType = sourcecode.swift; path = ImagesListViewController.swift; sourceTree = "<group>"; };
		F617867F2979717D007F2F8C /* Assets.xcassets */ = {isa = PBXFileReference; lastKnownFileType = folder.assetcatalog; path = Assets.xcassets; sourceTree = "<group>"; };
		F61786822979717D007F2F8C /* Base */ = {isa = PBXFileReference; lastKnownFileType = file.storyboard; name = Base; path = Base.lproj/LaunchScreen.storyboard; sourceTree = "<group>"; };
		F61786842979717D007F2F8C /* Info.plist */ = {isa = PBXFileReference; lastKnownFileType = text.plist.xml; path = Info.plist; sourceTree = "<group>"; };
		F61D339129B5266200318A81 /* ProfileImageService.swift */ = {isa = PBXFileReference; lastKnownFileType = sourcecode.swift; path = ProfileImageService.swift; sourceTree = "<group>"; };
		F61D339329B526E200318A81 /* UserResult.swift */ = {isa = PBXFileReference; lastKnownFileType = sourcecode.swift; path = UserResult.swift; sourceTree = "<group>"; };
		F64C4D14298BB49700F334B3 /* ProfileViewController.swift */ = {isa = PBXFileReference; lastKnownFileType = sourcecode.swift; path = ProfileViewController.swift; sourceTree = "<group>"; };
		F657B97229C3314500745597 /* ImagesListService.swift */ = {isa = PBXFileReference; lastKnownFileType = sourcecode.swift; path = ImagesListService.swift; sourceTree = "<group>"; };
		F657B97429C331B000745597 /* Photo.swift */ = {isa = PBXFileReference; lastKnownFileType = sourcecode.swift; path = Photo.swift; sourceTree = "<group>"; };
		F657B97729C333B800745597 /* PhotoResult.swift */ = {isa = PBXFileReference; lastKnownFileType = sourcecode.swift; path = PhotoResult.swift; sourceTree = "<group>"; };
		F6897B06298D17EF001C5F48 /* SingleImageViewController.swift */ = {isa = PBXFileReference; lastKnownFileType = sourcecode.swift; path = SingleImageViewController.swift; sourceTree = "<group>"; };
		F694E03B29B4A7480037B3DC /* UIBlockingProgressHUD.swift */ = {isa = PBXFileReference; lastKnownFileType = sourcecode.swift; path = UIBlockingProgressHUD.swift; sourceTree = "<group>"; };
		F694E03D29B4AAD00037B3DC /* ProfileService.swift */ = {isa = PBXFileReference; lastKnownFileType = sourcecode.swift; path = ProfileService.swift; sourceTree = "<group>"; };
		F694E04129B4AEF60037B3DC /* Profile.swift */ = {isa = PBXFileReference; lastKnownFileType = sourcecode.swift; path = Profile.swift; sourceTree = "<group>"; };
		F694E04529B4B0DB0037B3DC /* ProfileResult.swift */ = {isa = PBXFileReference; fileEncoding = 4; lastKnownFileType = sourcecode.swift; path = ProfileResult.swift; sourceTree = "<group>"; };
		F6C2566D29CC45C7002E3E2C /* UIView+Extensions.swift */ = {isa = PBXFileReference; lastKnownFileType = sourcecode.swift; path = "UIView+Extensions.swift"; sourceTree = "<group>"; };
		F6DDB3DA29B951C300590588 /* URLSession+Extensions.swift */ = {isa = PBXFileReference; lastKnownFileType = sourcecode.swift; path = "URLSession+Extensions.swift"; sourceTree = "<group>"; };
		F6DDB3E729BA398900590588 /* TabBarController.swift */ = {isa = PBXFileReference; lastKnownFileType = sourcecode.swift; path = TabBarController.swift; sourceTree = "<group>"; };
		F6FC153D29798221004BC4F6 /* UIColor+Extensions.swift */ = {isa = PBXFileReference; lastKnownFileType = sourcecode.swift; path = "UIColor+Extensions.swift"; sourceTree = "<group>"; };
/* End PBXFileReference section */

/* Begin PBXFrameworksBuildPhase section */
		F617867029797179007F2F8C /* Frameworks */ = {
			isa = PBXFrameworksBuildPhase;
			buildActionMask = 2147483647;
			files = (
				F67EA3A329C7A29A00F1AF6A /* Kingfisher in Frameworks */,
				F6945ECC29B2245600B82BF6 /* ProgressHUD in Frameworks */,
				F6DDB3E629BA35D600590588 /* SwiftKeychainWrapper in Frameworks */,
			);
			runOnlyForDeploymentPostprocessing = 0;
		};
/* End PBXFrameworksBuildPhase section */

/* Begin PBXGroup section */
		F60878FF299ECE2E0058D253 /* Auth */ = {
			isa = PBXGroup;
			children = (
				F60878FD299ECD580058D253 /* AuthViewController.swift */,
				F608791929A0BF750058D253 /* AuthViewControllerDelegate.swift */,
			);
			path = Auth;
			sourceTree = "<group>";
		};
		F6087913299F42360058D253 /* Services */ = {
			isa = PBXGroup;
			children = (
				F657B97129C3311B00745597 /* ImageListService */,
				F61D338F29B5262100318A81 /* OAuth2 */,
				F61D339029B5263200318A81 /* ProfileServices */,
			);
			path = Services;
			sourceTree = "<group>";
		};
		F6087914299F42610058D253 /* Models */ = {
			isa = PBXGroup;
			children = (
				F694E04429B4B0000037B3DC /* OAuthToken */,
				F694E04329B4AFD30037B3DC /* Profile */,
				F657B97629C3339C00745597 /* Photo */,
			);
			path = Models;
			sourceTree = "<group>";
		};
		F608791529A0B7860058D253 /* AppDelegates */ = {
			isa = PBXGroup;
			children = (
				F608791D29A0EF0E0058D253 /* AppDelegate.swift */,
				F617867829797179007F2F8C /* SceneDelegate.swift */,
			);
			path = AppDelegates;
			sourceTree = "<group>";
		};
		F608791829A0B80F0058D253 /* SplashViewController */ = {
			isa = PBXGroup;
			children = (
				F608791629A0B8060058D253 /* SplashViewController.swift */,
			);
			path = SplashViewController;
			sourceTree = "<group>";
		};
		F60C5EA12979E01C00A2B5B3 /* ImagesList */ = {
			isa = PBXGroup;
			children = (
				F617867A29797179007F2F8C /* ImagesListViewController.swift */,
				F60C5E9F2979DFDD00A2B5B3 /* ImagesListCell.swift */,
			);
			path = ImagesList;
			sourceTree = "<group>";
		};
		F61311CF29BBFEC8009D0DD9 /* ViewControllers */ = {
			isa = PBXGroup;
			children = (
				F61311D129BBFF4E009D0DD9 /* TabBarController */,
				F608791829A0B80F0058D253 /* SplashViewController */,
				F60878FF299ECE2E0058D253 /* Auth */,
				F61311D029BBFF17009D0DD9 /* WebViewViewController */,
				F60C5EA12979E01C00A2B5B3 /* ImagesList */,
				F6897B08298D1C19001C5F48 /* SingleImage */,
				F64C4D16298BB4C600F334B3 /* Profile */,
			);
			path = ViewControllers;
			sourceTree = "<group>";
		};
		F61311D029BBFF17009D0DD9 /* WebViewViewController */ = {
			isa = PBXGroup;
			children = (
				F6087900299ECEF90058D253 /* WebViewViewController.swift */,
				F6087902299EDED70058D253 /* WebViewViewControllerDelegate.swift */,
			);
			path = WebViewViewController;
			sourceTree = "<group>";
		};
		F61311D129BBFF4E009D0DD9 /* TabBarController */ = {
			isa = PBXGroup;
			children = (
				F6DDB3E729BA398900590588 /* TabBarController.swift */,
			);
			path = TabBarController;
			sourceTree = "<group>";
		};
		F61311D229BC08A2009D0DD9 /* Views */ = {
			isa = PBXGroup;
			children = (
				F61786812979717D007F2F8C /* LaunchScreen.storyboard */,
			);
			path = Views;
			sourceTree = "<group>";
		};
		F617866A29797179007F2F8C = {
			isa = PBXGroup;
			children = (
				F617867529797179007F2F8C /* ImageFeed */,
				F617867429797179007F2F8C /* Products */,
				F67EA3A129C7A29A00F1AF6A /* Frameworks */,
			);
			sourceTree = "<group>";
		};
		F617867429797179007F2F8C /* Products */ = {
			isa = PBXGroup;
			children = (
				F617867329797179007F2F8C /* ImageFeed.app */,
			);
			name = Products;
			sourceTree = "<group>";
		};
		F617867529797179007F2F8C /* ImageFeed */ = {
			isa = PBXGroup;
			children = (
				F608791529A0B7860058D253 /* AppDelegates */,
				F6087914299F42610058D253 /* Models */,
				F61311CF29BBFEC8009D0DD9 /* ViewControllers */,
				F61311D229BC08A2009D0DD9 /* Views */,
				F6087913299F42360058D253 /* Services */,
				F6FC153C297981ED004BC4F6 /* Resources */,
			);
			path = ImageFeed;
			sourceTree = "<group>";
		};
		F61D338F29B5262100318A81 /* OAuth2 */ = {
			isa = PBXGroup;
			children = (
				F6087908299EF8390058D253 /* OAuth2TokenStorage.swift */,
				F6087906299EF7B90058D253 /* OAuth2Service.swift */,
			);
			path = OAuth2;
			sourceTree = "<group>";
		};
		F61D339029B5263200318A81 /* ProfileServices */ = {
			isa = PBXGroup;
			children = (
				F694E03D29B4AAD00037B3DC /* ProfileService.swift */,
				F61D339129B5266200318A81 /* ProfileImageService.swift */,
			);
			path = ProfileServices;
			sourceTree = "<group>";
		};
		F64C4D16298BB4C600F334B3 /* Profile */ = {
			isa = PBXGroup;
			children = (
				F64C4D14298BB49700F334B3 /* ProfileViewController.swift */,
			);
			path = Profile;
			sourceTree = "<group>";
		};
		F657B97129C3311B00745597 /* ImageListService */ = {
			isa = PBXGroup;
			children = (
				F657B97229C3314500745597 /* ImagesListService.swift */,
			);
			path = ImageListService;
			sourceTree = "<group>";
		};
		F657B97629C3339C00745597 /* Photo */ = {
			isa = PBXGroup;
			children = (
				F657B97429C331B000745597 /* Photo.swift */,
				F657B97729C333B800745597 /* PhotoResult.swift */,
			);
			path = Photo;
			sourceTree = "<group>";
		};
		F67EA3A129C7A29A00F1AF6A /* Frameworks */ = {
			isa = PBXGroup;
			children = (
			);
			name = Frameworks;
			sourceTree = "<group>";
		};
		F6873CD829B4B2920014A219 /* Helpers */ = {
			isa = PBXGroup;
			children = (
				F60878FB299E34850058D253 /* Constants.swift */,
				F694E03B29B4A7480037B3DC /* UIBlockingProgressHUD.swift */,
				F6FC153D29798221004BC4F6 /* UIColor+Extensions.swift */,
				F6DDB3DA29B951C300590588 /* URLSession+Extensions.swift */,
				F6C2566D29CC45C7002E3E2C /* UIView+Extensions.swift */,
			);
			path = Helpers;
			sourceTree = "<group>";
		};
		F6897B08298D1C19001C5F48 /* SingleImage */ = {
			isa = PBXGroup;
			children = (
				F6897B06298D17EF001C5F48 /* SingleImageViewController.swift */,
			);
			path = SingleImage;
			sourceTree = "<group>";
		};
		F694E04329B4AFD30037B3DC /* Profile */ = {
			isa = PBXGroup;
			children = (
				F694E04529B4B0DB0037B3DC /* ProfileResult.swift */,
				F694E04129B4AEF60037B3DC /* Profile.swift */,
				F61D339329B526E200318A81 /* UserResult.swift */,
			);
			path = Profile;
			sourceTree = "<group>";
		};
		F694E04429B4B0000037B3DC /* OAuthToken */ = {
			isa = PBXGroup;
			children = (
				F6087904299EF7720058D253 /* OAuthTokenResponseBody.swift */,
			);
			path = OAuthToken;
			sourceTree = "<group>";
		};
		F6FC153C297981ED004BC4F6 /* Resources */ = {
			isa = PBXGroup;
			children = (
				F6873CD829B4B2920014A219 /* Helpers */,
				F617867F2979717D007F2F8C /* Assets.xcassets */,
				F61786842979717D007F2F8C /* Info.plist */,
			);
			path = Resources;
			sourceTree = "<group>";
		};
/* End PBXGroup section */

/* Begin PBXNativeTarget section */
		F617867229797179007F2F8C /* ImageFeed */ = {
			isa = PBXNativeTarget;
			buildConfigurationList = F61786872979717D007F2F8C /* Build configuration list for PBXNativeTarget "ImageFeed" */;
			buildPhases = (
				F617866F29797179007F2F8C /* Sources */,
				F617867029797179007F2F8C /* Frameworks */,
				F617867129797179007F2F8C /* Resources */,
				F617868A297972AA007F2F8C /* TODO: FIXME: ERROR warning */,
			);
			buildRules = (
			);
			dependencies = (
			);
			name = ImageFeed;
			packageProductDependencies = (
				F6945ECB29B2245600B82BF6 /* ProgressHUD */,
				F6DDB3E529BA35D600590588 /* SwiftKeychainWrapper */,
				F67EA3A229C7A29A00F1AF6A /* Kingfisher */,
			);
			productName = ImageFeed;
			productReference = F617867329797179007F2F8C /* ImageFeed.app */;
			productType = "com.apple.product-type.application";
		};
/* End PBXNativeTarget section */

/* Begin PBXProject section */
		F617866B29797179007F2F8C /* Project object */ = {
			isa = PBXProject;
			attributes = {
				BuildIndependentTargetsInParallel = 1;
				LastSwiftUpdateCheck = 1420;
				LastUpgradeCheck = 1420;
				TargetAttributes = {
					F617867229797179007F2F8C = {
						CreatedOnToolsVersion = 14.2;
					};
				};
			};
			buildConfigurationList = F617866E29797179007F2F8C /* Build configuration list for PBXProject "ImageFeed" */;
			compatibilityVersion = "Xcode 13.0";
			developmentRegion = en;
			hasScannedForEncodings = 0;
			knownRegions = (
				en,
				Base,
			);
			mainGroup = F617866A29797179007F2F8C;
			packageReferences = (
				F6945ECA29B2245600B82BF6 /* XCRemoteSwiftPackageReference "ProgressHUD" */,
				F6DDB3E129BA2D5800590588 /* XCRemoteSwiftPackageReference "Kingfisher" */,
				F6DDB3E429BA35D600590588 /* XCRemoteSwiftPackageReference "SwiftKeychainWrapper" */,
			);
			productRefGroup = F617867429797179007F2F8C /* Products */;
			projectDirPath = "";
			projectRoot = "";
			targets = (
				F617867229797179007F2F8C /* ImageFeed */,
			);
		};
/* End PBXProject section */

/* Begin PBXResourcesBuildPhase section */
		F617867129797179007F2F8C /* Resources */ = {
			isa = PBXResourcesBuildPhase;
			buildActionMask = 2147483647;
			files = (
				F61786832979717D007F2F8C /* LaunchScreen.storyboard in Resources */,
				F61786802979717D007F2F8C /* Assets.xcassets in Resources */,
			);
			runOnlyForDeploymentPostprocessing = 0;
		};
/* End PBXResourcesBuildPhase section */

/* Begin PBXShellScriptBuildPhase section */
		F617868A297972AA007F2F8C /* TODO: FIXME: ERROR warning */ = {
			isa = PBXShellScriptBuildPhase;
			alwaysOutOfDate = 1;
			buildActionMask = 2147483647;
			files = (
			);
			inputFileListPaths = (
			);
			inputPaths = (
			);
			name = "TODO: FIXME: ERROR warning";
			outputFileListPaths = (
			);
			outputPaths = (
			);
			runOnlyForDeploymentPostprocessing = 0;
			shellPath = /bin/sh;
			shellScript = "TAGS=\"TODO:|FIXME:\"\nERRORTAG=\"ERROR:\"\nOUTPUT=$(find \"${SRCROOT}\" \\( -name \"*.h\" -or -name \"*.m\" -or -name \"*.swift\" \\) -print0 | xargs -0 egrep --with-filename --line-number --only-matching \"($TAGS).*\\$|($ERRORTAG).*\\$\" | perl -p -e \"s/($TAGS)/ warning: \\$1/\" | perl -p -e \"s/($ERRORTAG)/ error: \\$1/\")\nECHO \"$OUTPUT\"\n\nif [[ $OUTPUT == *\" error: \"* ]]\nthen\nexit 1\n\nfi\n";
		};
/* End PBXShellScriptBuildPhase section */

/* Begin PBXSourcesBuildPhase section */
		F617866F29797179007F2F8C /* Sources */ = {
			isa = PBXSourcesBuildPhase;
			buildActionMask = 2147483647;
			files = (
				F6087901299ECEF90058D253 /* WebViewViewController.swift in Sources */,
				F694E04229B4AEF60037B3DC /* Profile.swift in Sources */,
				F64C4D15298BB49700F334B3 /* ProfileViewController.swift in Sources */,
				F6087907299EF7B90058D253 /* OAuth2Service.swift in Sources */,
				F6087905299EF7720058D253 /* OAuthTokenResponseBody.swift in Sources */,
				F6C2566E29CC45C7002E3E2C /* UIView+Extensions.swift in Sources */,
				F6FC153E29798221004BC4F6 /* UIColor+Extensions.swift in Sources */,
				F657B97829C333B800745597 /* PhotoResult.swift in Sources */,
				F657B97529C331B000745597 /* Photo.swift in Sources */,
				F617867B29797179007F2F8C /* ImagesListViewController.swift in Sources */,
				F6087909299EF8390058D253 /* OAuth2TokenStorage.swift in Sources */,
				F6897B07298D17EF001C5F48 /* SingleImageViewController.swift in Sources */,
				F6DDB3E829BA398900590588 /* TabBarController.swift in Sources */,
				F657B97329C3314500745597 /* ImagesListService.swift in Sources */,
				F608791E29A0EF0E0058D253 /* AppDelegate.swift in Sources */,
				F60C5EA02979DFDD00A2B5B3 /* ImagesListCell.swift in Sources */,
				F61D339429B526E200318A81 /* UserResult.swift in Sources */,
				F608791729A0B8060058D253 /* SplashViewController.swift in Sources */,
				F694E03E29B4AAD00037B3DC /* ProfileService.swift in Sources */,
				F6087903299EDED70058D253 /* WebViewViewControllerDelegate.swift in Sources */,
				F6DDB3DB29B951C300590588 /* URLSession+Extensions.swift in Sources */,
				F617867929797179007F2F8C /* SceneDelegate.swift in Sources */,
				F61D339229B5266200318A81 /* ProfileImageService.swift in Sources */,
				F60878FE299ECD580058D253 /* AuthViewController.swift in Sources */,
				F608791A29A0BF750058D253 /* AuthViewControllerDelegate.swift in Sources */,
				F60878FC299E34850058D253 /* Constants.swift in Sources */,
				F694E04629B4B0DB0037B3DC /* ProfileResult.swift in Sources */,
				F694E03C29B4A7480037B3DC /* UIBlockingProgressHUD.swift in Sources */,
			);
			runOnlyForDeploymentPostprocessing = 0;
		};
/* End PBXSourcesBuildPhase section */

/* Begin PBXVariantGroup section */
		F61786812979717D007F2F8C /* LaunchScreen.storyboard */ = {
			isa = PBXVariantGroup;
			children = (
				F61786822979717D007F2F8C /* Base */,
			);
			name = LaunchScreen.storyboard;
			sourceTree = "<group>";
		};
/* End PBXVariantGroup section */

/* Begin XCBuildConfiguration section */
		F61786852979717D007F2F8C /* Debug */ = {
			isa = XCBuildConfiguration;
			buildSettings = {
				ALWAYS_SEARCH_USER_PATHS = NO;
				CLANG_ANALYZER_NONNULL = YES;
				CLANG_ANALYZER_NUMBER_OBJECT_CONVERSION = YES_AGGRESSIVE;
				CLANG_CXX_LANGUAGE_STANDARD = "gnu++20";
				CLANG_ENABLE_MODULES = YES;
				CLANG_ENABLE_OBJC_ARC = YES;
				CLANG_ENABLE_OBJC_WEAK = YES;
				CLANG_WARN_BLOCK_CAPTURE_AUTORELEASING = YES;
				CLANG_WARN_BOOL_CONVERSION = YES;
				CLANG_WARN_COMMA = YES;
				CLANG_WARN_CONSTANT_CONVERSION = YES;
				CLANG_WARN_DEPRECATED_OBJC_IMPLEMENTATIONS = YES;
				CLANG_WARN_DIRECT_OBJC_ISA_USAGE = YES_ERROR;
				CLANG_WARN_DOCUMENTATION_COMMENTS = YES;
				CLANG_WARN_EMPTY_BODY = YES;
				CLANG_WARN_ENUM_CONVERSION = YES;
				CLANG_WARN_INFINITE_RECURSION = YES;
				CLANG_WARN_INT_CONVERSION = YES;
				CLANG_WARN_NON_LITERAL_NULL_CONVERSION = YES;
				CLANG_WARN_OBJC_IMPLICIT_RETAIN_SELF = YES;
				CLANG_WARN_OBJC_LITERAL_CONVERSION = YES;
				CLANG_WARN_OBJC_ROOT_CLASS = YES_ERROR;
				CLANG_WARN_QUOTED_INCLUDE_IN_FRAMEWORK_HEADER = YES;
				CLANG_WARN_RANGE_LOOP_ANALYSIS = YES;
				CLANG_WARN_STRICT_PROTOTYPES = YES;
				CLANG_WARN_SUSPICIOUS_MOVE = YES;
				CLANG_WARN_UNGUARDED_AVAILABILITY = YES_AGGRESSIVE;
				CLANG_WARN_UNREACHABLE_CODE = YES;
				CLANG_WARN__DUPLICATE_METHOD_MATCH = YES;
				COPY_PHASE_STRIP = NO;
				DEBUG_INFORMATION_FORMAT = dwarf;
				ENABLE_STRICT_OBJC_MSGSEND = YES;
				ENABLE_TESTABILITY = YES;
				GCC_C_LANGUAGE_STANDARD = gnu11;
				GCC_DYNAMIC_NO_PIC = NO;
				GCC_NO_COMMON_BLOCKS = YES;
				GCC_OPTIMIZATION_LEVEL = 0;
				GCC_PREPROCESSOR_DEFINITIONS = (
					"DEBUG=1",
					"$(inherited)",
				);
				GCC_WARN_64_TO_32_BIT_CONVERSION = YES;
				GCC_WARN_ABOUT_RETURN_TYPE = YES_ERROR;
				GCC_WARN_UNDECLARED_SELECTOR = YES;
				GCC_WARN_UNINITIALIZED_AUTOS = YES_AGGRESSIVE;
				GCC_WARN_UNUSED_FUNCTION = YES;
				GCC_WARN_UNUSED_VARIABLE = YES;
				IPHONEOS_DEPLOYMENT_TARGET = 13.0;
				MTL_ENABLE_DEBUG_INFO = INCLUDE_SOURCE;
				MTL_FAST_MATH = YES;
				ONLY_ACTIVE_ARCH = YES;
				SDKROOT = iphoneos;
				SWIFT_ACTIVE_COMPILATION_CONDITIONS = DEBUG;
				SWIFT_OPTIMIZATION_LEVEL = "-Onone";
			};
			name = Debug;
		};
		F61786862979717D007F2F8C /* Release */ = {
			isa = XCBuildConfiguration;
			buildSettings = {
				ALWAYS_SEARCH_USER_PATHS = NO;
				CLANG_ANALYZER_NONNULL = YES;
				CLANG_ANALYZER_NUMBER_OBJECT_CONVERSION = YES_AGGRESSIVE;
				CLANG_CXX_LANGUAGE_STANDARD = "gnu++20";
				CLANG_ENABLE_MODULES = YES;
				CLANG_ENABLE_OBJC_ARC = YES;
				CLANG_ENABLE_OBJC_WEAK = YES;
				CLANG_WARN_BLOCK_CAPTURE_AUTORELEASING = YES;
				CLANG_WARN_BOOL_CONVERSION = YES;
				CLANG_WARN_COMMA = YES;
				CLANG_WARN_CONSTANT_CONVERSION = YES;
				CLANG_WARN_DEPRECATED_OBJC_IMPLEMENTATIONS = YES;
				CLANG_WARN_DIRECT_OBJC_ISA_USAGE = YES_ERROR;
				CLANG_WARN_DOCUMENTATION_COMMENTS = YES;
				CLANG_WARN_EMPTY_BODY = YES;
				CLANG_WARN_ENUM_CONVERSION = YES;
				CLANG_WARN_INFINITE_RECURSION = YES;
				CLANG_WARN_INT_CONVERSION = YES;
				CLANG_WARN_NON_LITERAL_NULL_CONVERSION = YES;
				CLANG_WARN_OBJC_IMPLICIT_RETAIN_SELF = YES;
				CLANG_WARN_OBJC_LITERAL_CONVERSION = YES;
				CLANG_WARN_OBJC_ROOT_CLASS = YES_ERROR;
				CLANG_WARN_QUOTED_INCLUDE_IN_FRAMEWORK_HEADER = YES;
				CLANG_WARN_RANGE_LOOP_ANALYSIS = YES;
				CLANG_WARN_STRICT_PROTOTYPES = YES;
				CLANG_WARN_SUSPICIOUS_MOVE = YES;
				CLANG_WARN_UNGUARDED_AVAILABILITY = YES_AGGRESSIVE;
				CLANG_WARN_UNREACHABLE_CODE = YES;
				CLANG_WARN__DUPLICATE_METHOD_MATCH = YES;
				COPY_PHASE_STRIP = NO;
				DEBUG_INFORMATION_FORMAT = "dwarf-with-dsym";
				ENABLE_NS_ASSERTIONS = NO;
				ENABLE_STRICT_OBJC_MSGSEND = YES;
				GCC_C_LANGUAGE_STANDARD = gnu11;
				GCC_NO_COMMON_BLOCKS = YES;
				GCC_WARN_64_TO_32_BIT_CONVERSION = YES;
				GCC_WARN_ABOUT_RETURN_TYPE = YES_ERROR;
				GCC_WARN_UNDECLARED_SELECTOR = YES;
				GCC_WARN_UNINITIALIZED_AUTOS = YES_AGGRESSIVE;
				GCC_WARN_UNUSED_FUNCTION = YES;
				GCC_WARN_UNUSED_VARIABLE = YES;
				IPHONEOS_DEPLOYMENT_TARGET = 13.0;
				MTL_ENABLE_DEBUG_INFO = NO;
				MTL_FAST_MATH = YES;
				SDKROOT = iphoneos;
				SWIFT_COMPILATION_MODE = wholemodule;
				SWIFT_OPTIMIZATION_LEVEL = "-O";
				VALIDATE_PRODUCT = YES;
			};
			name = Release;
		};
		F61786882979717D007F2F8C /* Debug */ = {
			isa = XCBuildConfiguration;
			buildSettings = {
				ASSETCATALOG_COMPILER_APPICON_NAME = AppIcon;
				ASSETCATALOG_COMPILER_GLOBAL_ACCENT_COLOR_NAME = AccentColor;
				CODE_SIGN_STYLE = Automatic;
				CURRENT_PROJECT_VERSION = 99;
				DEVELOPMENT_TEAM = 2W63BAHUHF;
				GENERATE_INFOPLIST_FILE = YES;
				INFOPLIST_FILE = ImageFeed/Resources/Info.plist;
				INFOPLIST_KEY_NSPhotoLibraryAddUsageDescription = "We need to write photos";
				INFOPLIST_KEY_UIApplicationSupportsIndirectInputEvents = YES;
				INFOPLIST_KEY_UILaunchStoryboardName = LaunchScreen;
				INFOPLIST_KEY_UISupportedInterfaceOrientations = UIInterfaceOrientationPortrait;
				IPHONEOS_DEPLOYMENT_TARGET = 13.0;
				LD_RUNPATH_SEARCH_PATHS = (
					"$(inherited)",
					"@executable_path/Frameworks",
				);
				MARKETING_VERSION = 1.0;
				PRODUCT_BUNDLE_IDENTIFIER = com.etdevios.ImageFeed;
				PRODUCT_NAME = "$(TARGET_NAME)";
				SUPPORTED_PLATFORMS = "iphoneos iphonesimulator";
				SUPPORTS_MACCATALYST = NO;
				SUPPORTS_MAC_DESIGNED_FOR_IPHONE_IPAD = YES;
				SWIFT_EMIT_LOC_STRINGS = YES;
				SWIFT_VERSION = 5.0;
				TARGETED_DEVICE_FAMILY = 1;
			};
			name = Debug;
		};
		F61786892979717D007F2F8C /* Release */ = {
			isa = XCBuildConfiguration;
			buildSettings = {
				ASSETCATALOG_COMPILER_APPICON_NAME = AppIcon;
				ASSETCATALOG_COMPILER_GLOBAL_ACCENT_COLOR_NAME = AccentColor;
				CODE_SIGN_STYLE = Automatic;
				CURRENT_PROJECT_VERSION = 99;
				DEVELOPMENT_TEAM = 2W63BAHUHF;
				GENERATE_INFOPLIST_FILE = YES;
				INFOPLIST_FILE = ImageFeed/Resources/Info.plist;
				INFOPLIST_KEY_NSPhotoLibraryAddUsageDescription = "We need to write photos";
				INFOPLIST_KEY_UIApplicationSupportsIndirectInputEvents = YES;
				INFOPLIST_KEY_UILaunchStoryboardName = LaunchScreen;
				INFOPLIST_KEY_UISupportedInterfaceOrientations = UIInterfaceOrientationPortrait;
				IPHONEOS_DEPLOYMENT_TARGET = 13.0;
				LD_RUNPATH_SEARCH_PATHS = (
					"$(inherited)",
					"@executable_path/Frameworks",
				);
				MARKETING_VERSION = 1.0;
				PRODUCT_BUNDLE_IDENTIFIER = com.etdevios.ImageFeed;
				PRODUCT_NAME = "$(TARGET_NAME)";
				SUPPORTED_PLATFORMS = "iphoneos iphonesimulator";
				SUPPORTS_MACCATALYST = NO;
				SUPPORTS_MAC_DESIGNED_FOR_IPHONE_IPAD = YES;
				SWIFT_EMIT_LOC_STRINGS = YES;
				SWIFT_VERSION = 5.0;
				TARGETED_DEVICE_FAMILY = 1;
			};
			name = Release;
		};
/* End XCBuildConfiguration section */

/* Begin XCConfigurationList section */
		F617866E29797179007F2F8C /* Build configuration list for PBXProject "ImageFeed" */ = {
			isa = XCConfigurationList;
			buildConfigurations = (
				F61786852979717D007F2F8C /* Debug */,
				F61786862979717D007F2F8C /* Release */,
			);
			defaultConfigurationIsVisible = 0;
			defaultConfigurationName = Release;
		};
		F61786872979717D007F2F8C /* Build configuration list for PBXNativeTarget "ImageFeed" */ = {
			isa = XCConfigurationList;
			buildConfigurations = (
				F61786882979717D007F2F8C /* Debug */,
				F61786892979717D007F2F8C /* Release */,
			);
			defaultConfigurationIsVisible = 0;
			defaultConfigurationName = Release;
		};
/* End XCConfigurationList section */

/* Begin XCRemoteSwiftPackageReference section */
		F6945ECA29B2245600B82BF6 /* XCRemoteSwiftPackageReference "ProgressHUD" */ = {
			isa = XCRemoteSwiftPackageReference;
			repositoryURL = "https://github.com/relatedcode/ProgressHUD";
			requirement = {
				kind = upToNextMajorVersion;
				minimumVersion = 13.0.0;
			};
		};
		F6DDB3E129BA2D5800590588 /* XCRemoteSwiftPackageReference "Kingfisher" */ = {
			isa = XCRemoteSwiftPackageReference;
			repositoryURL = "https://github.com/onevcat/Kingfisher.git";
			requirement = {
				kind = upToNextMajorVersion;
				minimumVersion = 7.0.0;
			};
		};
		F6DDB3E429BA35D600590588 /* XCRemoteSwiftPackageReference "SwiftKeychainWrapper" */ = {
			isa = XCRemoteSwiftPackageReference;
			repositoryURL = "https://github.com/jrendel/SwiftKeychainWrapper.git";
			requirement = {
				kind = upToNextMajorVersion;
				minimumVersion = 4.0.0;
			};
		};
/* End XCRemoteSwiftPackageReference section */

/* Begin XCSwiftPackageProductDependency section */
		F67EA3A229C7A29A00F1AF6A /* Kingfisher */ = {
			isa = XCSwiftPackageProductDependency;
			package = F6DDB3E129BA2D5800590588 /* XCRemoteSwiftPackageReference "Kingfisher" */;
			productName = Kingfisher;
		};
		F6945ECB29B2245600B82BF6 /* ProgressHUD */ = {
			isa = XCSwiftPackageProductDependency;
			package = F6945ECA29B2245600B82BF6 /* XCRemoteSwiftPackageReference "ProgressHUD" */;
			productName = ProgressHUD;
		};
		F6DDB3E529BA35D600590588 /* SwiftKeychainWrapper */ = {
			isa = XCSwiftPackageProductDependency;
			package = F6DDB3E429BA35D600590588 /* XCRemoteSwiftPackageReference "SwiftKeychainWrapper" */;
			productName = SwiftKeychainWrapper;
		};
/* End XCSwiftPackageProductDependency section */
	};
	rootObject = F617866B29797179007F2F8C /* Project object */;
}
